
Microsoft Visual Studio Solution File, Format Version 12.00
# Visual Studio Version 17
VisualStudioVersion = 17.4.33110.190
MinimumVisualStudioVersion = 10.0.40219.1
Project("{FAE04EC0-301F-11D3-BF4B-00C04F79EFBC}") = "Cadar_Iuliana_Lab2", "Cadar_Iuliana_Lab2.csproj", "{E064E85C-56D4-480C-8652-8A20F5F41905}"
EndProject
Global
	GlobalSection(SolutionConfigurationPlatforms) = preSolution
		Debug|Any CPU = Debug|Any CPU
		Release|Any CPU = Release|Any CPU
	EndGlobalSection
	GlobalSection(ProjectConfigurationPlatforms) = postSolution
		{E064E85C-56D4-480C-8652-8A20F5F41905}.Debug|Any CPU.ActiveCfg = Debug|Any CPU
		{E064E85C-56D4-480C-8652-8A20F5F41905}.Debug|Any CPU.Build.0 = Debug|Any CPU
		{E064E85C-56D4-480C-8652-8A20F5F41905}.Release|Any CPU.ActiveCfg = Release|Any CPU
		{E064E85C-56D4-480C-8652-8A20F5F41905}.Release|Any CPU.Build.0 = Release|Any CPU
	EndGlobalSection
	GlobalSection(SolutionProperties) = preSolution
		HideSolutionNode = FALSE
	EndGlobalSection
	GlobalSection(ExtensibilityGlobals) = postSolution
		SolutionGuid = {9B687345-FFBD-4932-A658-20B9A5B4BCD2}
	EndGlobalSection
EndGlobal
